
Microsoft Visual Studio Solution File, Format Version 12.00
# Visual Studio Version 17
VisualStudioVersion = 17.3.32901.215
MinimumVisualStudioVersion = 10.0.40219.1
Project("{9A19103F-16F7-4668-BE54-9A1E7A4F7556}") = "AirshowSchedules", "AirshowSchedules\AirshowSchedules.csproj", "{8EC50451-1EC4-4FF6-90E1-8AD836857588}"
EndProject
Project("{FAE04EC0-301F-11D3-BF4B-00C04F79EFBC}") = "FileParser", "..\..\..\..\OneDrive\Projects\dotNetSolutions\FileParser\FileParser\FileParser.csproj", "{912B938F-2CF9-407E-9AF9-BC685657F564}"
EndProject
Global
	GlobalSection(SolutionConfigurationPlatforms) = preSolution
		Debug|Any CPU = Debug|Any CPU
		Debug|x64 = Debug|x64
		Debug|x86 = Debug|x86
		Release|Any CPU = Release|Any CPU
		Release|x64 = Release|x64
		Release|x86 = Release|x86
	EndGlobalSection
	GlobalSection(ProjectConfigurationPlatforms) = postSolution
		{8EC50451-1EC4-4FF6-90E1-8AD836857588}.Debug|Any CPU.ActiveCfg = Debug|Any CPU
		{8EC50451-1EC4-4FF6-90E1-8AD836857588}.Debug|Any CPU.Build.0 = Debug|Any CPU
		{8EC50451-1EC4-4FF6-90E1-8AD836857588}.Debug|x64.ActiveCfg = Debug|Any CPU
		{8EC50451-1EC4-4FF6-90E1-8AD836857588}.Debug|x64.Build.0 = Debug|Any CPU
		{8EC50451-1EC4-4FF6-90E1-8AD836857588}.Debug|x86.ActiveCfg = Debug|Any CPU
		{8EC50451-1EC4-4FF6-90E1-8AD836857588}.Debug|x86.Build.0 = Debug|Any CPU
		{8EC50451-1EC4-4FF6-90E1-8AD836857588}.Release|Any CPU.ActiveCfg = Release|Any CPU
		{8EC50451-1EC4-4FF6-90E1-8AD836857588}.Release|Any CPU.Build.0 = Release|Any CPU
		{8EC50451-1EC4-4FF6-90E1-8AD836857588}.Release|x64.ActiveCfg = Release|Any CPU
		{8EC50451-1EC4-4FF6-90E1-8AD836857588}.Release|x64.Build.0 = Release|Any CPU
		{8EC50451-1EC4-4FF6-90E1-8AD836857588}.Release|x86.ActiveCfg = Release|Any CPU
		{8EC50451-1EC4-4FF6-90E1-8AD836857588}.Release|x86.Build.0 = Release|Any CPU
		{912B938F-2CF9-407E-9AF9-BC685657F564}.Debug|Any CPU.ActiveCfg = Debug|Any CPU
		{912B938F-2CF9-407E-9AF9-BC685657F564}.Debug|Any CPU.Build.0 = Debug|Any CPU
		{912B938F-2CF9-407E-9AF9-BC685657F564}.Debug|x64.ActiveCfg = Debug|Any CPU
		{912B938F-2CF9-407E-9AF9-BC685657F564}.Debug|x64.Build.0 = Debug|Any CPU
		{912B938F-2CF9-407E-9AF9-BC685657F564}.Debug|x86.ActiveCfg = Debug|Any CPU
		{912B938F-2CF9-407E-9AF9-BC685657F564}.Debug|x86.Build.0 = Debug|Any CPU
		{912B938F-2CF9-407E-9AF9-BC685657F564}.Release|Any CPU.ActiveCfg = Release|Any CPU
		{912B938F-2CF9-407E-9AF9-BC685657F564}.Release|Any CPU.Build.0 = Release|Any CPU
		{912B938F-2CF9-407E-9AF9-BC685657F564}.Release|x64.ActiveCfg = Release|Any CPU
		{912B938F-2CF9-407E-9AF9-BC685657F564}.Release|x64.Build.0 = Release|Any CPU
		{912B938F-2CF9-407E-9AF9-BC685657F564}.Release|x86.ActiveCfg = Release|Any CPU
		{912B938F-2CF9-407E-9AF9-BC685657F564}.Release|x86.Build.0 = Release|Any CPU
	EndGlobalSection
	GlobalSection(SolutionProperties) = preSolution
		HideSolutionNode = FALSE
	EndGlobalSection
	GlobalSection(ExtensibilityGlobals) = postSolution
		SolutionGuid = {1DB289C2-0D6F-4C37-AA12-5628DA445062}
	EndGlobalSection
EndGlobal
